
Microsoft Visual Studio Solution File, Format Version 12.00
# Visual Studio Version 16
VisualStudioVersion = 16.0.30011.22
MinimumVisualStudioVersion = 10.0.40219.1
Project("{9A19103F-16F7-4668-BE54-9A1E7A4F7556}") = "ZPD_1_2", "ZPD_1_2.csproj", "{1FBE0CE2-0B76-406A-A421-7AB8E56DF343}"
EndProject
Project("{FAE04EC0-301F-11D3-BF4B-00C04F79EFBC}") = "ZPD_1_2.Tests", "..\ZPD_1_2.Tests\ZPD_1_2.Tests.csproj", "{3D258F29-DC39-4573-A6E6-2B9D81C40463}"
EndProject
Global
	GlobalSection(SolutionConfigurationPlatforms) = preSolution
		Debug|Any CPU = Debug|Any CPU
		Release|Any CPU = Release|Any CPU
	EndGlobalSection
	GlobalSection(ProjectConfigurationPlatforms) = postSolution
		{1FBE0CE2-0B76-406A-A421-7AB8E56DF343}.Debug|Any CPU.ActiveCfg = Debug|Any CPU
		{1FBE0CE2-0B76-406A-A421-7AB8E56DF343}.Debug|Any CPU.Build.0 = Debug|Any CPU
		{1FBE0CE2-0B76-406A-A421-7AB8E56DF343}.Release|Any CPU.ActiveCfg = Release|Any CPU
		{1FBE0CE2-0B76-406A-A421-7AB8E56DF343}.Release|Any CPU.Build.0 = Release|Any CPU
		{3D258F29-DC39-4573-A6E6-2B9D81C40463}.Debug|Any CPU.ActiveCfg = Debug|Any CPU
		{3D258F29-DC39-4573-A6E6-2B9D81C40463}.Debug|Any CPU.Build.0 = Debug|Any CPU
		{3D258F29-DC39-4573-A6E6-2B9D81C40463}.Release|Any CPU.ActiveCfg = Release|Any CPU
		{3D258F29-DC39-4573-A6E6-2B9D81C40463}.Release|Any CPU.Build.0 = Release|Any CPU
	EndGlobalSection
	GlobalSection(SolutionProperties) = preSolution
		HideSolutionNode = FALSE
	EndGlobalSection
	GlobalSection(ExtensibilityGlobals) = postSolution
		SolutionGuid = {B048B7A0-22F8-48F6-BDAF-9B72CDA0ABD0}
	EndGlobalSection
EndGlobal
